
Microsoft Visual Studio Solution File, Format Version 12.00
# Visual Studio Version 16
VisualStudioVersion = 16.0.31829.152
MinimumVisualStudioVersion = 10.0.40219.1
Project("{FAE04EC0-301F-11D3-BF4B-00C04F79EFBC}") = "Sockerbagare2", "Sockerbagare2\Sockerbagare2.csproj", "{2F83CAF0-0305-4748-90C5-AE8A0DDE5579}"
EndProject
Global
	GlobalSection(SolutionConfigurationPlatforms) = preSolution
		Debug|Any CPU = Debug|Any CPU
		Release|Any CPU = Release|Any CPU
	EndGlobalSection
	GlobalSection(ProjectConfigurationPlatforms) = postSolution
		{2F83CAF0-0305-4748-90C5-AE8A0DDE5579}.Debug|Any CPU.ActiveCfg = Debug|Any CPU
		{2F83CAF0-0305-4748-90C5-AE8A0DDE5579}.Debug|Any CPU.Build.0 = Debug|Any CPU
		{2F83CAF0-0305-4748-90C5-AE8A0DDE5579}.Release|Any CPU.ActiveCfg = Release|Any CPU
		{2F83CAF0-0305-4748-90C5-AE8A0DDE5579}.Release|Any CPU.Build.0 = Release|Any CPU
	EndGlobalSection
	GlobalSection(SolutionProperties) = preSolution
		HideSolutionNode = FALSE
	EndGlobalSection
	GlobalSection(ExtensibilityGlobals) = postSolution
		SolutionGuid = {C36014BB-3A6A-4D70-AC1F-E4473A50BD77}
	EndGlobalSection
EndGlobal
